schema: '2.0'
stages:
  data_ingestion:
    cmd: python src/data_ingestion.py
    deps:
    - path: src/data_ingestion.py
      hash: md5
      md5: eac949f14cb71f5172427bccd66cc5fd
      size: 3640
    params:
      params.yaml:
        data_ingestion.test_size: 0.15
    outs:
    - path: data/raw
      hash: md5
      md5: a15ba66afdf82f8659b031b175286ed3.dir
      size: 484846
      nfiles: 2
  data_preprocessing:
    cmd: python src/data_preprocessing.py
    deps:
    - path: data/raw
      hash: md5
      md5: a15ba66afdf82f8659b031b175286ed3.dir
      size: 484846
      nfiles: 2
    - path: src/data_preprocessing.py
      hash: md5
      md5: b2d71f181af807cbf94145340d5be4b5
      size: 3979
    outs:
    - path: data/interim
      hash: md5
      md5: 60a6fff4e80508df65a68e383fa2725e.dir
      size: 259164
      nfiles: 2
  feature_engineering:
    cmd: python src/feature_engineering.py
    deps:
    - path: data/interim
      hash: md5
      md5: 60a6fff4e80508df65a68e383fa2725e.dir
      size: 259164
      nfiles: 2
    - path: src/feature_engineering.py
      hash: md5
      md5: 825c8f7553044de2d6323df4437dea81
      size: 3799
    params:
      params.yaml:
        feature_engineering.max_features: 40
    outs:
    - path: data/processed
      hash: md5
      md5: fceb43e727433ca548bb3fc2d2d287bb.dir
      size: 947924
      nfiles: 2
  model_building:
    cmd: python src/model_building.py
    deps:
    - path: data/processed
      hash: md5
      md5: fceb43e727433ca548bb3fc2d2d287bb.dir
      size: 947924
      nfiles: 2
    - path: src/model_building.py
      hash: md5
      md5: a415c81a95e4448429dc368852d6a823
      size: 4288
    params:
      params.yaml:
        model_building.n_estimators: 50
        model_building.random_state: 2
    outs:
    - path: models/model.pkl
      hash: md5
      md5: ef63b5716ef00d7536f4acf774b72666
      size: 1751767
  model_evaluation:
    cmd: python src/model_evaluation.py
    deps:
    - path: models/model.pkl
      hash: md5
      md5: ef63b5716ef00d7536f4acf774b72666
      size: 1751767
    - path: src/model_evaluation.py
      hash: md5
      md5: 3fcbca7620cd998453d22392524338f8
      size: 4651
    outs:
    - path: reports/metrics.json
      hash: md5
      md5: ba140d4605b8098b96062c347b600bfc
      size: 145
